dependencies:
- name: mysql
  repository: https://charts.bitnami.com/bitnami
  version: 10.1.0
- name: redis
  repository: https://charts.bitnami.com/bitnami
  version: 19.0.1
- name: rabbitmq
  repository: https://charts.bitnami.com/bitnami
  version: 13.0.0
- name: keycloak
  repository: https://charts.bitnami.com/bitnami
  version: 21.0.3
- name: couchdb
  repository: https://apache.github.io/couchdb-helm/
  version: 4.5.0
- name: mailpit
  repository: https://jouve.github.io/charts/
  version: 0.15.0
digest: sha256:75a3d10806a1453232894899060c76e6327e35c064044f50fa0f9623e907877f
generated: "2024-04-26T14:58:10.648139769+02:00"
