dependencies:
- name: mysql
  repository: https://charts.bitnami.com/bitnami
  version: 10.1.0
- name: redis
  repository: https://charts.bitnami.com/bitnami
  version: 19.0.1
- name: rabbitmq
  repository: https://charts.bitnami.com/bitnami
  version: 13.0.0
- name: couchdb
  repository: https://apache.github.io/couchdb-helm/
  version: 4.5.0
- name: mailpit
  repository: https://jouve.github.io/charts/
  version: 0.15.0
digest: sha256:4bea6bc06a884990387ddf4a217c3b9a0b4ed8687184fce7880cf9aed2ed25cd
generated: "2024-03-28T20:44:01.276874787+01:00"
